
Microsoft Visual Studio Solution File, Format Version 12.00
# Visual Studio 15
VisualStudioVersion = 15.0.26730.16
MinimumVisualStudioVersion = 10.0.40219.1
Project("{FAE04EC0-301F-11D3-BF4B-00C04F79EFBC}") = "WebSiteMVC", "WebSiteMVC\WebSiteMVC.csproj", "{2A851849-E284-404C-A261-17F53357508C}"
EndProject
Global
	GlobalSection(SolutionConfigurationPlatforms) = preSolution
		Debug|Any CPU = Debug|Any CPU
		Release|Any CPU = Release|Any CPU
	EndGlobalSection
	GlobalSection(ProjectConfigurationPlatforms) = postSolution
		{2A851849-E284-404C-A261-17F53357508C}.Debug|Any CPU.ActiveCfg = Debug|Any CPU
		{2A851849-E284-404C-A261-17F53357508C}.Debug|Any CPU.Build.0 = Debug|Any CPU
		{2A851849-E284-404C-A261-17F53357508C}.Release|Any CPU.ActiveCfg = Release|Any CPU
		{2A851849-E284-404C-A261-17F53357508C}.Release|Any CPU.Build.0 = Release|Any CPU
	EndGlobalSection
	GlobalSection(SolutionProperties) = preSolution
		HideSolutionNode = FALSE
	EndGlobalSection
	GlobalSection(ExtensibilityGlobals) = postSolution
		SolutionGuid = {D5827BAC-0132-4E5B-B5C0-77E4A57940E6}
	EndGlobalSection
EndGlobal
